// !$*UTF8*$!
{
	archiveVersion = 1;
	classes = {
	};
	objectVersion = 50;
	objects = {

/* Begin PBXBuildFile section */
		716DADC424FB064500221DDF /* AppDelegate.swift in Sources */ = {isa = PBXBuildFile; fileRef = 716DADC324FB064500221DDF /* AppDelegate.swift */; };
		716DADC624FB064500221DDF /* SceneDelegate.swift in Sources */ = {isa = PBXBuildFile; fileRef = 716DADC524FB064500221DDF /* SceneDelegate.swift */; };
		716DADC824FB064500221DDF /* ViewController.swift in Sources */ = {isa = PBXBuildFile; fileRef = 716DADC724FB064500221DDF /* ViewController.swift */; };
		716DADCB24FB064500221DDF /* Main.storyboard in Resources */ = {isa = PBXBuildFile; fileRef = 716DADC924FB064500221DDF /* Main.storyboard */; };
		716DADCD24FB064800221DDF /* Assets.xcassets in Resources */ = {isa = PBXBuildFile; fileRef = 716DADCC24FB064800221DDF /* Assets.xcassets */; };
		716DADD024FB064800221DDF /* LaunchScreen.storyboard in Resources */ = {isa = PBXBuildFile; fileRef = 716DADCE24FB064800221DDF /* LaunchScreen.storyboard */; };
/* End PBXBuildFile section */

/* Begin PBXFileReference section */
		716DADC024FB064500221DDF /* You Are Awesome!.app */ = {isa = PBXFileReference; explicitFileType = wrapper.application; includeInIndex = 0; path = "You Are Awesome!.app"; sourceTree = BUILT_PRODUCTS_DIR; };
		716DADC324FB064500221DDF /* AppDelegate.swift */ = {isa = PBXFileReference; lastKnownFileType = sourcecode.swift; path = AppDelegate.swift; sourceTree = "<group>"; };
		716DADC524FB064500221DDF /* SceneDelegate.swift */ = {isa = PBXFileReference; lastKnownFileType = sourcecode.swift; path = SceneDelegate.swift; sourceTree = "<group>"; };
		716DADC724FB064500221DDF /* ViewController.swift */ = {isa = PBXFileReference; lastKnownFileType = sourcecode.swift; path = ViewController.swift; sourceTree = "<group>"; };
		716DADCA24FB064500221DDF /* Base */ = {isa = PBXFileReference; lastKnownFileType = file.storyboard; name = Base; path = Base.lproj/Main.storyboard; sourceTree = "<group>"; };
		716DADCC24FB064800221DDF /* Assets.xcassets */ = {isa = PBXFileReference; lastKnownFileType = folder.assetcatalog; path = Assets.xcassets; sourceTree = "<group>"; };
		716DADCF24FB064800221DDF /* Base */ = {isa = PBXFileReference; lastKnownFileType = file.storyboard; name = Base; path = Base.lproj/LaunchScreen.storyboard; sourceTree = "<group>"; };
		716DADD124FB064800221DDF /* Info.plist */ = {isa = PBXFileReference; lastKnownFileType = text.plist.xml; path = Info.plist; sourceTree = "<group>"; };
/* End PBXFileReference section */

/* Begin PBXFrameworksBuildPhase section */
		716DADBD24FB064500221DDF /* Frameworks */ = {
			isa = PBXFrameworksBuildPhase;
			buildActionMask = 2147483647;
			files = (
			);
			runOnlyForDeploymentPostprocessing = 0;
		};
/* End PBXFrameworksBuildPhase section */

/* Begin PBXGroup section */
		716DADB724FB064500221DDF = {
			isa = PBXGroup;
			children = (
				716DADC224FB064500221DDF /* You Are Awesome! */,
				716DADC124FB064500221DDF /* Products */,
			);
			sourceTree = "<group>";
		};
		716DADC124FB064500221DDF /* Products */ = {
			isa = PBXGroup;
			children = (
				716DADC024FB064500221DDF /* You Are Awesome!.app */,
			);
			name = Products;
			sourceTree = "<group>";
		};
		716DADC224FB064500221DDF /* You Are Awesome! */ = {
			isa = PBXGroup;
			children = (
				716DADC324FB064500221DDF /* AppDelegate.swift */,
				716DADC524FB064500221DDF /* SceneDelegate.swift */,
				716DADC724FB064500221DDF /* ViewController.swift */,
				716DADC924FB064500221DDF /* Main.storyboard */,
				716DADCC24FB064800221DDF /* Assets.xcassets */,
				716DADCE24FB064800221DDF /* LaunchScreen.storyboard */,
				716DADD124FB064800221DDF /* Info.plist */,
			);
			path = "You Are Awesome!";
			sourceTree = "<group>";
		};
/* End PBXGroup section */

/* Begin PBXNativeTarget section */
		716DADBF24FB064500221DDF /* You Are Awesome! */ = {
			isa = PBXNativeTarget;
			buildConfigurationList = 716DADD424FB064800221DDF /* Build configuration list for PBXNativeTarget "You Are Awesome!" */;
			buildPhases = (
				716DADBC24FB064500221DDF /* Sources */,
				716DADBD24FB064500221DDF /* Frameworks */,
				716DADBE24FB064500221DDF /* Resources */,
			);
			buildRules = (
			);
			dependencies = (
			);
			name = "You Are Awesome!";
			productName = "You Are Awesome!";
			productReference = 716DADC024FB064500221DDF /* You Are Awesome!.app */;
			productType = "com.apple.product-type.application";
		};
/* End PBXNativeTarget section */

/* Begin PBXProject section */
		716DADB824FB064500221DDF /* Project object */ = {
			isa = PBXProject;
			attributes = {
				LastSwiftUpdateCheck = 1160;
				LastUpgradeCheck = 1160;
				ORGANIZATIONNAME = "John Zulewski";
				TargetAttributes = {
					716DADBF24FB064500221DDF = {
						CreatedOnToolsVersion = 11.6;
					};
				};
			};
			buildConfigurationList = 716DADBB24FB064500221DDF /* Build configuration list for PBXProject "You Are Awesome!" */;
			compatibilityVersion = "Xcode 9.3";
			developmentRegion = en;
			hasScannedForEncodings = 0;
			knownRegions = (
				en,
				Base,
			);
			mainGroup = 716DADB724FB064500221DDF;
			productRefGroup = 716DADC124FB064500221DDF /* Products */;
			projectDirPath = "";
			projectRoot = "";
			targets = (
				716DADBF24FB064500221DDF /* You Are Awesome! */,
			);
		};
/* End PBXProject section */

/* Begin PBXResourcesBuildPhase section */
		716DADBE24FB064500221DDF /* Resources */ = {
			isa = PBXResourcesBuildPhase;
			buildActionMask = 2147483647;
			files = (
				716DADD024FB064800221DDF /* LaunchScreen.storyboard in Resources */,
				716DADCD24FB064800221DDF /* Assets.xcassets in Resources */,
				716DADCB24FB064500221DDF /* Main.storyboard in Resources */,
			);
			runOnlyForDeploymentPostprocessing = 0;
		};
/* End PBXResourcesBuildPhase section */

/* Begin PBXSourcesBuildPhase section */
		716DADBC24FB064500221DDF /* Sources */ = {
			isa = PBXSourcesBuildPhase;
			buildActionMask = 2147483647;
			files = (
				716DADC824FB064500221DDF /* ViewController.swift in Sources */,
				716DADC424FB064500221DDF /* AppDelegate.swift in Sources */,
				716DADC624FB064500221DDF /* SceneDelegate.swift in Sources */,
			);
			runOnlyForDeploymentPostprocessing = 0;
		};
/* End PBXSourcesBuildPhase section */

/* Begin PBXVariantGroup section */
		716DADC924FB064500221DDF /* Main.storyboard */ = {
			isa = PBXVariantGroup;
			children = (
				716DADCA24FB064500221DDF /* Base */,
			);
			name = Main.storyboard;
			sourceTree = "<group>";
		};
		716DADCE24FB064800221DDF /* LaunchScreen.storyboard */ = {
			isa = PBXVariantGroup;
			children = (
				716DADCF24FB064800221DDF /* Base */,
			);
			name = LaunchScreen.storyboard;
			sourceTree = "<group>";
		};
/* End PBXVariantGroup section */

/* Begin XCBuildConfiguration section */
		716DADD224FB064800221DDF /* Debug */ = {
			isa = XCBuildConfiguration;
			buildSettings = {
				ALWAYS_SEARCH_USER_PATHS = NO;
				CLANG_ANALYZER_NONNULL = YES;
				CLANG_ANALYZER_NUMBER_OBJECT_CONVERSION = YES_AGGRESSIVE;
				CLANG_CXX_LANGUAGE_STANDARD = "gnu++14";
				CLANG_CXX_LIBRARY = "libc++";
				CLANG_ENABLE_MODULES = YES;
				CLANG_ENABLE_OBJC_ARC = YES;
				CLANG_ENABLE_OBJC_WEAK = YES;
				CLANG_WARN_BLOCK_CAPTURE_AUTORELEASING = YES;
				CLANG_WARN_BOOL_CONVERSION = YES;
				CLANG_WARN_COMMA = YES;
				CLANG_WARN_CONSTANT_CONVERSION = YES;
				CLANG_WARN_DEPRECATED_OBJC_IMPLEMENTATIONS = YES;
				CLANG_WARN_DIRECT_OBJC_ISA_USAGE = YES_ERROR;
				CLANG_WARN_DOCUMENTATION_COMMENTS = YES;
				CLANG_WARN_EMPTY_BODY = YES;
				CLANG_WARN_ENUM_CONVERSION = YES;
				CLANG_WARN_INFINITE_RECURSION = YES;
				CLANG_WARN_INT_CONVERSION = YES;
				CLANG_WARN_NON_LITERAL_NULL_CONVERSION = YES;
				CLANG_WARN_OBJC_IMPLICIT_RETAIN_SELF = YES;
				CLANG_WARN_OBJC_LITERAL_CONVERSION = YES;
				CLANG_WARN_OBJC_ROOT_CLASS = YES_ERROR;
				CLANG_WARN_RANGE_LOOP_ANALYSIS = YES;
				CLANG_WARN_STRICT_PROTOTYPES = YES;
				CLANG_WARN_SUSPICIOUS_MOVE = YES;
				CLANG_WARN_UNGUARDED_AVAILABILITY = YES_AGGRESSIVE;
				CLANG_WARN_UNREACHABLE_CODE = YES;
				CLANG_WARN__DUPLICATE_METHOD_MATCH = YES;
				COPY_PHASE_STRIP = NO;
				DEBUG_INFORMATION_FORMAT = dwarf;
				ENABLE_STRICT_OBJC_MSGSEND = YES;
				ENABLE_TESTABILITY = YES;
				GCC_C_LANGUAGE_STANDARD = gnu11;
				GCC_DYNAMIC_NO_PIC = NO;
				GCC_NO_COMMON_BLOCKS = YES;
				GCC_OPTIMIZATION_LEVEL = 0;
				GCC_PREPROCESSOR_DEFINITIONS = (
					"DEBUG=1",
					"$(inherited)",
				);
				GCC_WARN_64_TO_32_BIT_CONVERSION = YES;
				GCC_WARN_ABOUT_RETURN_TYPE = YES_ERROR;
				GCC_WARN_UNDECLARED_SELECTOR = YES;
				GCC_WARN_UNINITIALIZED_AUTOS = YES_AGGRESSIVE;
				GCC_WARN_UNUSED_FUNCTION = YES;
				GCC_WARN_UNUSED_VARIABLE = YES;
				IPHONEOS_DEPLOYMENT_TARGET = 13.6;
				MTL_ENABLE_DEBUG_INFO = INCLUDE_SOURCE;
				MTL_FAST_MATH = YES;
				ONLY_ACTIVE_ARCH = YES;
				SDKROOT = iphoneos;
				SWIFT_ACTIVE_COMPILATION_CONDITIONS = DEBUG;
				SWIFT_OPTIMIZATION_LEVEL = "-Onone";
			};
			name = Debug;
		};
		716DADD324FB064800221DDF /* Release */ = {
			isa = XCBuildConfiguration;
			buildSettings = {
				ALWAYS_SEARCH_USER_PATHS = NO;
				CLANG_ANALYZER_NONNULL = YES;
				CLANG_ANALYZER_NUMBER_OBJECT_CONVERSION = YES_AGGRESSIVE;
				CLANG_CXX_LANGUAGE_STANDARD = "gnu++14";
				CLANG_CXX_LIBRARY = "libc++";
				CLANG_ENABLE_MODULES = YES;
				CLANG_ENABLE_OBJC_ARC = YES;
				CLANG_ENABLE_OBJC_WEAK = YES;
				CLANG_WARN_BLOCK_CAPTURE_AUTORELEASING = YES;
				CLANG_WARN_BOOL_CONVERSION = YES;
				CLANG_WARN_COMMA = YES;
				CLANG_WARN_CONSTANT_CONVERSION = YES;
				CLANG_WARN_DEPRECATED_OBJC_IMPLEMENTATIONS = YES;
				CLANG_WARN_DIRECT_OBJC_ISA_USAGE = YES_ERROR;
				CLANG_WARN_DOCUMENTATION_COMMENTS = YES;
				CLANG_WARN_EMPTY_BODY = YES;
				CLANG_WARN_ENUM_CONVERSION = YES;
				CLANG_WARN_INFINITE_RECURSION = YES;
				CLANG_WARN_INT_CONVERSION = YES;
				CLANG_WARN_NON_LITERAL_NULL_CONVERSION = YES;
				CLANG_WARN_OBJC_IMPLICIT_RETAIN_SELF = YES;
				CLANG_WARN_OBJC_LITERAL_CONVERSION = YES;
				CLANG_WARN_OBJC_ROOT_CLASS = YES_ERROR;
				CLANG_WARN_RANGE_LOOP_ANALYSIS = YES;
				CLANG_WARN_STRICT_PROTOTYPES = YES;
				CLANG_WARN_SUSPICIOUS_MOVE = YES;
				CLANG_WARN_UNGUARDED_AVAILABILITY = YES_AGGRESSIVE;
				CLANG_WARN_UNREACHABLE_CODE = YES;
				CLANG_WARN__DUPLICATE_METHOD_MATCH = YES;
				COPY_PHASE_STRIP = NO;
				DEBUG_INFORMATION_FORMAT = "dwarf-with-dsym";
				ENABLE_NS_ASSERTIONS = NO;
				ENABLE_STRICT_OBJC_MSGSEND = YES;
				GCC_C_LANGUAGE_STANDARD = gnu11;
				GCC_NO_COMMON_BLOCKS = YES;
				GCC_WARN_64_TO_32_BIT_CONVERSION = YES;
				GCC_WARN_ABOUT_RETURN_TYPE = YES_ERROR;
				GCC_WARN_UNDECLARED_SELECTOR = YES;
				GCC_WARN_UNINITIALIZED_AUTOS = YES_AGGRESSIVE;
				GCC_WARN_UNUSED_FUNCTION = YES;
				GCC_WARN_UNUSED_VARIABLE = YES;
				IPHONEOS_DEPLOYMENT_TARGET = 13.6;
				MTL_ENABLE_DEBUG_INFO = NO;
				MTL_FAST_MATH = YES;
				SDKROOT = iphoneos;
				SWIFT_COMPILATION_MODE = wholemodule;
				SWIFT_OPTIMIZATION_LEVEL = "-O";
				VALIDATE_PRODUCT = YES;
			};
			name = Release;
		};
		716DADD524FB064800221DDF /* Debug */ = {
			isa = XCBuildConfiguration;
			buildSettings = {
				ASSETCATALOG_COMPILER_APPICON_NAME = AppIcon;
				CODE_SIGN_STYLE = Automatic;
				DEVELOPMENT_TEAM = R8SVNBWL98;
				INFOPLIST_FILE = "You Are Awesome!/Info.plist";
				LD_RUNPATH_SEARCH_PATHS = (
					"$(inherited)",
					"@executable_path/Frameworks",
				);
				PRODUCT_BUNDLE_IDENTIFIER = "com.zulewski.You-Are-Awesome-";
				PRODUCT_NAME = "$(TARGET_NAME)";
				SWIFT_VERSION = 5.0;
				TARGETED_DEVICE_FAMILY = "1,2";
			};
			name = Debug;
		};
		716DADD624FB064800221DDF /* Release */ = {
			isa = XCBuildConfiguration;
			buildSettings = {
				ASSETCATALOG_COMPILER_APPICON_NAME = AppIcon;
				CODE_SIGN_STYLE = Automatic;
				DEVELOPMENT_TEAM = R8SVNBWL98;
				INFOPLIST_FILE = "You Are Awesome!/Info.plist";
				LD_RUNPATH_SEARCH_PATHS = (
					"$(inherited)",
					"@executable_path/Frameworks",
				);
				PRODUCT_BUNDLE_IDENTIFIER = "com.zulewski.You-Are-Awesome-";
				PRODUCT_NAME = "$(TARGET_NAME)";
				SWIFT_VERSION = 5.0;
				TARGETED_DEVICE_FAMILY = "1,2";
			};
			name = Release;
		};
/* End XCBuildConfiguration section */

/* Begin XCConfigurationList section */
		716DADBB24FB064500221DDF /* Build configuration list for PBXProject "You Are Awesome!" */ = {
			isa = XCConfigurationList;
			buildConfigurations = (
				716DADD224FB064800221DDF /* Debug */,
				716DADD324FB064800221DDF /* Release */,
			);
			defaultConfigurationIsVisible = 0;
			defaultConfigurationName = Release;
		};
		716DADD424FB064800221DDF /* Build configuration list for PBXNativeTarget "You Are Awesome!" */ = {
			isa = XCConfigurationList;
			buildConfigurations = (
				716DADD524FB064800221DDF /* Debug */,
				716DADD624FB064800221DDF /* Release */,
			);
			defaultConfigurationIsVisible = 0;
			defaultConfigurationName = Release;
		};
/* End XCConfigurationList section */
	};
	rootObject = 716DADB824FB064500221DDF /* Project object */;
}
